
Microsoft Visual Studio Solution File, Format Version 12.00
# Visual Studio Version 16
VisualStudioVersion = 16.0.31702.278
MinimumVisualStudioVersion = 10.0.40219.1
Project("{9A19103F-16F7-4668-BE54-9A1E7A4F7556}") = "FE.W", "FE.W\FE.W.csproj", "{86317473-A7A8-4CCE-AC7A-DCEFD8C46620}"
EndProject
Project("{9A19103F-16F7-4668-BE54-9A1E7A4F7556}") = "FE", "FE\FE.csproj", "{7D3FDE42-3D49-48C8-8446-0EB1EDE1631C}"
EndProject
Project("{FAE04EC0-301F-11D3-BF4B-00C04F79EFBC}") = "FE.Identity", "FE.Identity\FE.Identity.csproj", "{1CDA79EB-FC5F-45DD-8A15-8968BD74D745}"
EndProject
Global
	GlobalSection(SolutionConfigurationPlatforms) = preSolution
		Debug|Any CPU = Debug|Any CPU
		Release|Any CPU = Release|Any CPU
	EndGlobalSection
	GlobalSection(ProjectConfigurationPlatforms) = postSolution
		{86317473-A7A8-4CCE-AC7A-DCEFD8C46620}.Debug|Any CPU.ActiveCfg = Debug|Any CPU
		{86317473-A7A8-4CCE-AC7A-DCEFD8C46620}.Debug|Any CPU.Build.0 = Debug|Any CPU
		{86317473-A7A8-4CCE-AC7A-DCEFD8C46620}.Release|Any CPU.ActiveCfg = Release|Any CPU
		{86317473-A7A8-4CCE-AC7A-DCEFD8C46620}.Release|Any CPU.Build.0 = Release|Any CPU
		{7D3FDE42-3D49-48C8-8446-0EB1EDE1631C}.Debug|Any CPU.ActiveCfg = Debug|Any CPU
		{7D3FDE42-3D49-48C8-8446-0EB1EDE1631C}.Debug|Any CPU.Build.0 = Debug|Any CPU
		{7D3FDE42-3D49-48C8-8446-0EB1EDE1631C}.Release|Any CPU.ActiveCfg = Release|Any CPU
		{7D3FDE42-3D49-48C8-8446-0EB1EDE1631C}.Release|Any CPU.Build.0 = Release|Any CPU
		{1CDA79EB-FC5F-45DD-8A15-8968BD74D745}.Debug|Any CPU.ActiveCfg = Debug|Any CPU
		{1CDA79EB-FC5F-45DD-8A15-8968BD74D745}.Debug|Any CPU.Build.0 = Debug|Any CPU
		{1CDA79EB-FC5F-45DD-8A15-8968BD74D745}.Release|Any CPU.ActiveCfg = Release|Any CPU
		{1CDA79EB-FC5F-45DD-8A15-8968BD74D745}.Release|Any CPU.Build.0 = Release|Any CPU
	EndGlobalSection
	GlobalSection(SolutionProperties) = preSolution
		HideSolutionNode = FALSE
	EndGlobalSection
	GlobalSection(ExtensibilityGlobals) = postSolution
		SolutionGuid = {345B8725-A708-4D4E-AE03-AB080D1AA13D}
	EndGlobalSection
EndGlobal
