
Microsoft Visual Studio Solution File, Format Version 12.00
# Visual Studio Version 16
VisualStudioVersion = 16.0.32407.337
MinimumVisualStudioVersion = 10.0.40219.1
Project("{FAE04EC0-301F-11D3-BF4B-00C04F79EFBC}") = "FE_D", "FE_D\FE_D.csproj", "{F7F1C510-4FBB-4F41-AFB0-F5754E046E03}"
EndProject
Project("{FAE04EC0-301F-11D3-BF4B-00C04F79EFBC}") = "FE_D.WIZARD", "FE_D.WIZARD\FE_D.WIZARD.csproj", "{B4A7A590-F501-4EE6-9F12-FB972A3C0354}"
EndProject
Global
	GlobalSection(SolutionConfigurationPlatforms) = preSolution
		Debug|Any CPU = Debug|Any CPU
		Release|Any CPU = Release|Any CPU
	EndGlobalSection
	GlobalSection(ProjectConfigurationPlatforms) = postSolution
		{F7F1C510-4FBB-4F41-AFB0-F5754E046E03}.Debug|Any CPU.ActiveCfg = Debug|Any CPU
		{F7F1C510-4FBB-4F41-AFB0-F5754E046E03}.Debug|Any CPU.Build.0 = Debug|Any CPU
		{F7F1C510-4FBB-4F41-AFB0-F5754E046E03}.Release|Any CPU.ActiveCfg = Release|Any CPU
		{F7F1C510-4FBB-4F41-AFB0-F5754E046E03}.Release|Any CPU.Build.0 = Release|Any CPU
		{B4A7A590-F501-4EE6-9F12-FB972A3C0354}.Debug|Any CPU.ActiveCfg = Debug|Any CPU
		{B4A7A590-F501-4EE6-9F12-FB972A3C0354}.Debug|Any CPU.Build.0 = Debug|Any CPU
		{B4A7A590-F501-4EE6-9F12-FB972A3C0354}.Release|Any CPU.ActiveCfg = Release|Any CPU
		{B4A7A590-F501-4EE6-9F12-FB972A3C0354}.Release|Any CPU.Build.0 = Release|Any CPU
	EndGlobalSection
	GlobalSection(SolutionProperties) = preSolution
		HideSolutionNode = FALSE
	EndGlobalSection
	GlobalSection(ExtensibilityGlobals) = postSolution
		SolutionGuid = {C5BEDE21-70B4-429C-9B76-B593F067E6A8}
	EndGlobalSection
EndGlobal
